# THIS IS AN AUTOGENERATED FILE. DO NOT EDIT THIS FILE DIRECTLY.
# yarn lockfile v1


xendit-node@^3.1.0:
  version "3.1.0"
  resolved "https://registry.yarnpkg.com/xendit-node/-/xendit-node-3.1.0.tgz#8bb90bd640d63c1d17bf5bf296446eac35f8528e"
  integrity sha512-8+DB978u5NXelbSouRcoSioIn4xxAnhsEQGeDKB8980gLc2D1LPNjdRn+/uiS1pW03oIN2rpy0gjl0hAJP5ooQ==
